
Microsoft Visual Studio Solution File, Format Version 12.00
# Visual Studio Version 17
VisualStudioVersion = 17.9.34607.119
MinimumVisualStudioVersion = 10.0.40219.1
Project("{FAE04EC0-301F-11D3-BF4B-00C04F79EFBC}") = "GUI", "GUI\GUI.csproj", "{12EE9DE7-8C55-4D9D-88EB-72C5ADBA9537}"
EndProject
Global
	GlobalSection(SolutionConfigurationPlatforms) = preSolution
		Debug|Any CPU = Debug|Any CPU
		Release|Any CPU = Release|Any CPU
	EndGlobalSection
	GlobalSection(ProjectConfigurationPlatforms) = postSolution
		{12EE9DE7-8C55-4D9D-88EB-72C5ADBA9537}.Debug|Any CPU.ActiveCfg = Debug|Any CPU
		{12EE9DE7-8C55-4D9D-88EB-72C5ADBA9537}.Debug|Any CPU.Build.0 = Debug|Any CPU
		{12EE9DE7-8C55-4D9D-88EB-72C5ADBA9537}.Release|Any CPU.ActiveCfg = Release|Any CPU
		{12EE9DE7-8C55-4D9D-88EB-72C5ADBA9537}.Release|Any CPU.Build.0 = Release|Any CPU
	EndGlobalSection
	GlobalSection(SolutionProperties) = preSolution
		HideSolutionNode = FALSE
	EndGlobalSection
	GlobalSection(ExtensibilityGlobals) = postSolution
		SolutionGuid = {E205C657-FE0F-45C5-AFBB-CCBBB98CB333}
	EndGlobalSection
EndGlobal
